
Microsoft Visual Studio Solution File, Format Version 12.00
# Visual Studio Version 17
VisualStudioVersion = 17.10.35013.160
MinimumVisualStudioVersion = 10.0.40219.1
Project("{FAE04EC0-301F-11D3-BF4B-00C04F79EFBC}") = "CMCS", "CMCS\CMCS.csproj", "{C469E1F6-965F-4A44-A66F-68075A4881CB}"
EndProject
Global
	GlobalSection(SolutionConfigurationPlatforms) = preSolution
		Debug|Any CPU = Debug|Any CPU
		Release|Any CPU = Release|Any CPU
	EndGlobalSection
	GlobalSection(ProjectConfigurationPlatforms) = postSolution
		{C469E1F6-965F-4A44-A66F-68075A4881CB}.Debug|Any CPU.ActiveCfg = Debug|Any CPU
		{C469E1F6-965F-4A44-A66F-68075A4881CB}.Debug|Any CPU.Build.0 = Debug|Any CPU
		{C469E1F6-965F-4A44-A66F-68075A4881CB}.Release|Any CPU.ActiveCfg = Release|Any CPU
		{C469E1F6-965F-4A44-A66F-68075A4881CB}.Release|Any CPU.Build.0 = Release|Any CPU
	EndGlobalSection
	GlobalSection(SolutionProperties) = preSolution
		HideSolutionNode = FALSE
	EndGlobalSection
	GlobalSection(ExtensibilityGlobals) = postSolution
		SolutionGuid = {59A6972D-22B8-4DEB-998D-D49C66CE9ACA}
	EndGlobalSection
EndGlobal
